
Microsoft Visual Studio Solution File, Format Version 12.00
# Visual Studio Version 16
VisualStudioVersion = 16.0.31105.61
MinimumVisualStudioVersion = 10.0.40219.1
Project("{FAE04EC0-301F-11D3-BF4B-00C04F79EFBC}") = "GameHouse", "GameHouse\GameHouse.csproj", "{C32CC58A-832D-456F-A9EF-5E3118E75A7E}"
EndProject
Global
	GlobalSection(SolutionConfigurationPlatforms) = preSolution
		Debug|Any CPU = Debug|Any CPU
		Release|Any CPU = Release|Any CPU
	EndGlobalSection
	GlobalSection(ProjectConfigurationPlatforms) = postSolution
		{C32CC58A-832D-456F-A9EF-5E3118E75A7E}.Debug|Any CPU.ActiveCfg = Debug|Any CPU
		{C32CC58A-832D-456F-A9EF-5E3118E75A7E}.Debug|Any CPU.Build.0 = Debug|Any CPU
		{C32CC58A-832D-456F-A9EF-5E3118E75A7E}.Release|Any CPU.ActiveCfg = Release|Any CPU
		{C32CC58A-832D-456F-A9EF-5E3118E75A7E}.Release|Any CPU.Build.0 = Release|Any CPU
	EndGlobalSection
	GlobalSection(SolutionProperties) = preSolution
		HideSolutionNode = FALSE
	EndGlobalSection
	GlobalSection(ExtensibilityGlobals) = postSolution
		SolutionGuid = {94964CE4-B545-4CDD-BD8E-A9347BA0351F}
	EndGlobalSection
EndGlobal
